// !$*UTF8*$!
{
	archiveVersion = 1;
	classes = {
	};
	objectVersion = 48;
	objects = {

/* Begin PBXBuildFile section */
		BF16BD102029163E0032F2C7 /* AppDelegate.swift in Sources */ = {isa = PBXBuildFile; fileRef = BF16BD0F2029163E0032F2C7 /* AppDelegate.swift */; };
		BF16BD152029163E0032F2C7 /* Main.storyboard in Resources */ = {isa = PBXBuildFile; fileRef = BF16BD132029163E0032F2C7 /* Main.storyboard */; };
		BF16BD172029163E0032F2C7 /* Assets.xcassets in Resources */ = {isa = PBXBuildFile; fileRef = BF16BD162029163E0032F2C7 /* Assets.xcassets */; };
		BF16BD1A2029163E0032F2C7 /* LaunchScreen.storyboard in Resources */ = {isa = PBXBuildFile; fileRef = BF16BD182029163E0032F2C7 /* LaunchScreen.storyboard */; };
		BF16BD22202917DA0032F2C7 /* TableViewControlerTableViewController.swift in Sources */ = {isa = PBXBuildFile; fileRef = BF16BD21202917DA0032F2C7 /* TableViewControlerTableViewController.swift */; };
/* End PBXBuildFile section */

/* Begin PBXFileReference section */
		BF16BD0C2029163E0032F2C7 /* MyPrjTableViev.app */ = {isa = PBXFileReference; explicitFileType = wrapper.application; includeInIndex = 0; path = MyPrjTableViev.app; sourceTree = BUILT_PRODUCTS_DIR; };
		BF16BD0F2029163E0032F2C7 /* AppDelegate.swift */ = {isa = PBXFileReference; lastKnownFileType = sourcecode.swift; path = AppDelegate.swift; sourceTree = "<group>"; };
		BF16BD142029163E0032F2C7 /* Base */ = {isa = PBXFileReference; lastKnownFileType = file.storyboard; name = Base; path = Base.lproj/Main.storyboard; sourceTree = "<group>"; };
		BF16BD162029163E0032F2C7 /* Assets.xcassets */ = {isa = PBXFileReference; lastKnownFileType = folder.assetcatalog; path = Assets.xcassets; sourceTree = "<group>"; };
		BF16BD192029163E0032F2C7 /* Base */ = {isa = PBXFileReference; lastKnownFileType = file.storyboard; name = Base; path = Base.lproj/LaunchScreen.storyboard; sourceTree = "<group>"; };
		BF16BD1B2029163E0032F2C7 /* Info.plist */ = {isa = PBXFileReference; lastKnownFileType = text.plist.xml; path = Info.plist; sourceTree = "<group>"; };
		BF16BD21202917DA0032F2C7 /* TableViewControlerTableViewController.swift */ = {isa = PBXFileReference; lastKnownFileType = sourcecode.swift; path = TableViewControlerTableViewController.swift; sourceTree = "<group>"; };
/* End PBXFileReference section */

/* Begin PBXFrameworksBuildPhase section */
		BF16BD092029163E0032F2C7 /* Frameworks */ = {
			isa = PBXFrameworksBuildPhase;
			buildActionMask = 2147483647;
			files = (
			);
			runOnlyForDeploymentPostprocessing = 0;
		};
/* End PBXFrameworksBuildPhase section */

/* Begin PBXGroup section */
		BF16BD032029163E0032F2C7 = {
			isa = PBXGroup;
			children = (
				BF16BD0E2029163E0032F2C7 /* MyPrjTableViev */,
				BF16BD0D2029163E0032F2C7 /* Products */,
			);
			sourceTree = "<group>";
		};
		BF16BD0D2029163E0032F2C7 /* Products */ = {
			isa = PBXGroup;
			children = (
				BF16BD0C2029163E0032F2C7 /* MyPrjTableViev.app */,
			);
			name = Products;
			sourceTree = "<group>";
		};
		BF16BD0E2029163E0032F2C7 /* MyPrjTableViev */ = {
			isa = PBXGroup;
			children = (
				BF16BD0F2029163E0032F2C7 /* AppDelegate.swift */,
				BF16BD132029163E0032F2C7 /* Main.storyboard */,
				BF16BD21202917DA0032F2C7 /* TableViewControlerTableViewController.swift */,
				BF16BD162029163E0032F2C7 /* Assets.xcassets */,
				BF16BD182029163E0032F2C7 /* LaunchScreen.storyboard */,
				BF16BD1B2029163E0032F2C7 /* Info.plist */,
			);
			path = MyPrjTableViev;
			sourceTree = "<group>";
		};
/* End PBXGroup section */

/* Begin PBXNativeTarget section */
		BF16BD0B2029163E0032F2C7 /* MyPrjTableViev */ = {
			isa = PBXNativeTarget;
			buildConfigurationList = BF16BD1E2029163E0032F2C7 /* Build configuration list for PBXNativeTarget "MyPrjTableViev" */;
			buildPhases = (
				BF16BD082029163E0032F2C7 /* Sources */,
				BF16BD092029163E0032F2C7 /* Frameworks */,
				BF16BD0A2029163E0032F2C7 /* Resources */,
			);
			buildRules = (
			);
			dependencies = (
			);
			name = MyPrjTableViev;
			productName = MyPrjTableViev;
			productReference = BF16BD0C2029163E0032F2C7 /* MyPrjTableViev.app */;
			productType = "com.apple.product-type.application";
		};
/* End PBXNativeTarget section */

/* Begin PBXProject section */
		BF16BD042029163E0032F2C7 /* Project object */ = {
			isa = PBXProject;
			attributes = {
				LastSwiftUpdateCheck = 0920;
				LastUpgradeCheck = 0920;
				ORGANIZATIONNAME = rvd;
				TargetAttributes = {
					BF16BD0B2029163E0032F2C7 = {
						CreatedOnToolsVersion = 9.2;
						ProvisioningStyle = Automatic;
					};
				};
			};
			buildConfigurationList = BF16BD072029163E0032F2C7 /* Build configuration list for PBXProject "MyPrjTableViev" */;
			compatibilityVersion = "Xcode 8.0";
			developmentRegion = en;
			hasScannedForEncodings = 0;
			knownRegions = (
				en,
				Base,
			);
			mainGroup = BF16BD032029163E0032F2C7;
			productRefGroup = BF16BD0D2029163E0032F2C7 /* Products */;
			projectDirPath = "";
			projectRoot = "";
			targets = (
				BF16BD0B2029163E0032F2C7 /* MyPrjTableViev */,
			);
		};
/* End PBXProject section */

/* Begin PBXResourcesBuildPhase section */
		BF16BD0A2029163E0032F2C7 /* Resources */ = {
			isa = PBXResourcesBuildPhase;
			buildActionMask = 2147483647;
			files = (
				BF16BD1A2029163E0032F2C7 /* LaunchScreen.storyboard in Resources */,
				BF16BD172029163E0032F2C7 /* Assets.xcassets in Resources */,
				BF16BD152029163E0032F2C7 /* Main.storyboard in Resources */,
			);
			runOnlyForDeploymentPostprocessing = 0;
		};
/* End PBXResourcesBuildPhase section */

/* Begin PBXSourcesBuildPhase section */
		BF16BD082029163E0032F2C7 /* Sources */ = {
			isa = PBXSourcesBuildPhase;
			buildActionMask = 2147483647;
			files = (
				BF16BD22202917DA0032F2C7 /* TableViewControlerTableViewController.swift in Sources */,
				BF16BD102029163E0032F2C7 /* AppDelegate.swift in Sources */,
			);
			runOnlyForDeploymentPostprocessing = 0;
		};
/* End PBXSourcesBuildPhase section */

/* Begin PBXVariantGroup section */
		BF16BD132029163E0032F2C7 /* Main.storyboard */ = {
			isa = PBXVariantGroup;
			children = (
				BF16BD142029163E0032F2C7 /* Base */,
			);
			name = Main.storyboard;
			sourceTree = "<group>";
		};
		BF16BD182029163E0032F2C7 /* LaunchScreen.storyboard */ = {
			isa = PBXVariantGroup;
			children = (
				BF16BD192029163E0032F2C7 /* Base */,
			);
			name = LaunchScreen.storyboard;
			sourceTree = "<group>";
		};
/* End PBXVariantGroup section */

/* Begin XCBuildConfiguration section */
		BF16BD1C2029163E0032F2C7 /* Debug */ = {
			isa = XCBuildConfiguration;
			buildSettings = {
				ALWAYS_SEARCH_USER_PATHS = NO;
				CLANG_ANALYZER_NONNULL = YES;
				CLANG_ANALYZER_NUMBER_OBJECT_CONVERSION = YES_AGGRESSIVE;
				CLANG_CXX_LANGUAGE_STANDARD = "gnu++14";
				CLANG_CXX_LIBRARY = "libc++";
				CLANG_ENABLE_MODULES = YES;
				CLANG_ENABLE_OBJC_ARC = YES;
				CLANG_WARN_BLOCK_CAPTURE_AUTORELEASING = YES;
				CLANG_WARN_BOOL_CONVERSION = YES;
				CLANG_WARN_COMMA = YES;
				CLANG_WARN_CONSTANT_CONVERSION = YES;
				CLANG_WARN_DIRECT_OBJC_ISA_USAGE = YES_ERROR;
				CLANG_WARN_DOCUMENTATION_COMMENTS = YES;
				CLANG_WARN_EMPTY_BODY = YES;
				CLANG_WARN_ENUM_CONVERSION = YES;
				CLANG_WARN_INFINITE_RECURSION = YES;
				CLANG_WARN_INT_CONVERSION = YES;
				CLANG_WARN_NON_LITERAL_NULL_CONVERSION = YES;
				CLANG_WARN_OBJC_LITERAL_CONVERSION = YES;
				CLANG_WARN_OBJC_ROOT_CLASS = YES_ERROR;
				CLANG_WARN_RANGE_LOOP_ANALYSIS = YES;
				CLANG_WARN_STRICT_PROTOTYPES = YES;
				CLANG_WARN_SUSPICIOUS_MOVE = YES;
				CLANG_WARN_UNGUARDED_AVAILABILITY = YES_AGGRESSIVE;
				CLANG_WARN_UNREACHABLE_CODE = YES;
				CLANG_WARN__DUPLICATE_METHOD_MATCH = YES;
				CODE_SIGN_IDENTITY = "iPhone Developer";
				COPY_PHASE_STRIP = NO;
				DEBUG_INFORMATION_FORMAT = dwarf;
				ENABLE_STRICT_OBJC_MSGSEND = YES;
				ENABLE_TESTABILITY = YES;
				GCC_C_LANGUAGE_STANDARD = gnu11;
				GCC_DYNAMIC_NO_PIC = NO;
				GCC_NO_COMMON_BLOCKS = YES;
				GCC_OPTIMIZATION_LEVEL = 0;
				GCC_PREPROCESSOR_DEFINITIONS = (
					"DEBUG=1",
					"$(inherited)",
				);
				GCC_WARN_64_TO_32_BIT_CONVERSION = YES;
				GCC_WARN_ABOUT_RETURN_TYPE = YES_ERROR;
				GCC_WARN_UNDECLARED_SELECTOR = YES;
				GCC_WARN_UNINITIALIZED_AUTOS = YES_AGGRESSIVE;
				GCC_WARN_UNUSED_FUNCTION = YES;
				GCC_WARN_UNUSED_VARIABLE = YES;
				IPHONEOS_DEPLOYMENT_TARGET = 11.2;
				MTL_ENABLE_DEBUG_INFO = YES;
				ONLY_ACTIVE_ARCH = YES;
				SDKROOT = iphoneos;
				SWIFT_ACTIVE_COMPILATION_CONDITIONS = DEBUG;
				SWIFT_OPTIMIZATION_LEVEL = "-Onone";
			};
			name = Debug;
		};
		BF16BD1D2029163E0032F2C7 /* Release */ = {
			isa = XCBuildConfiguration;
			buildSettings = {
				ALWAYS_SEARCH_USER_PATHS = NO;
				CLANG_ANALYZER_NONNULL = YES;
				CLANG_ANALYZER_NUMBER_OBJECT_CONVERSION = YES_AGGRESSIVE;
				CLANG_CXX_LANGUAGE_STANDARD = "gnu++14";
				CLANG_CXX_LIBRARY = "libc++";
				CLANG_ENABLE_MODULES = YES;
				CLANG_ENABLE_OBJC_ARC = YES;
				CLANG_WARN_BLOCK_CAPTURE_AUTORELEASING = YES;
				CLANG_WARN_BOOL_CONVERSION = YES;
				CLANG_WARN_COMMA = YES;
				CLANG_WARN_CONSTANT_CONVERSION = YES;
				CLANG_WARN_DIRECT_OBJC_ISA_USAGE = YES_ERROR;
				CLANG_WARN_DOCUMENTATION_COMMENTS = YES;
				CLANG_WARN_EMPTY_BODY = YES;
				CLANG_WARN_ENUM_CONVERSION = YES;
				CLANG_WARN_INFINITE_RECURSION = YES;
				CLANG_WARN_INT_CONVERSION = YES;
				CLANG_WARN_NON_LITERAL_NULL_CONVERSION = YES;
				CLANG_WARN_OBJC_LITERAL_CONVERSION = YES;
				CLANG_WARN_OBJC_ROOT_CLASS = YES_ERROR;
				CLANG_WARN_RANGE_LOOP_ANALYSIS = YES;
				CLANG_WARN_STRICT_PROTOTYPES = YES;
				CLANG_WARN_SUSPICIOUS_MOVE = YES;
				CLANG_WARN_UNGUARDED_AVAILABILITY = YES_AGGRESSIVE;
				CLANG_WARN_UNREACHABLE_CODE = YES;
				CLANG_WARN__DUPLICATE_METHOD_MATCH = YES;
				CODE_SIGN_IDENTITY = "iPhone Developer";
				COPY_PHASE_STRIP = NO;
				DEBUG_INFORMATION_FORMAT = "dwarf-with-dsym";
				ENABLE_NS_ASSERTIONS = NO;
				ENABLE_STRICT_OBJC_MSGSEND = YES;
				GCC_C_LANGUAGE_STANDARD = gnu11;
				GCC_NO_COMMON_BLOCKS = YES;
				GCC_WARN_64_TO_32_BIT_CONVERSION = YES;
				GCC_WARN_ABOUT_RETURN_TYPE = YES_ERROR;
				GCC_WARN_UNDECLARED_SELECTOR = YES;
				GCC_WARN_UNINITIALIZED_AUTOS = YES_AGGRESSIVE;
				GCC_WARN_UNUSED_FUNCTION = YES;
				GCC_WARN_UNUSED_VARIABLE = YES;
				IPHONEOS_DEPLOYMENT_TARGET = 11.2;
				MTL_ENABLE_DEBUG_INFO = NO;
				SDKROOT = iphoneos;
				SWIFT_OPTIMIZATION_LEVEL = "-Owholemodule";
				VALIDATE_PRODUCT = YES;
			};
			name = Release;
		};
		BF16BD1F2029163E0032F2C7 /* Debug */ = {
			isa = XCBuildConfiguration;
			buildSettings = {
				ASSETCATALOG_COMPILER_APPICON_NAME = AppIcon;
				CODE_SIGN_STYLE = Automatic;
				INFOPLIST_FILE = MyPrjTableViev/Info.plist;
				LD_RUNPATH_SEARCH_PATHS = "$(inherited) @executable_path/Frameworks";
				PRODUCT_BUNDLE_IDENTIFIER = rvd.MyPrjTableViev;
				PRODUCT_NAME = "$(TARGET_NAME)";
				SWIFT_VERSION = 4.0;
				TARGETED_DEVICE_FAMILY = "1,2";
			};
			name = Debug;
		};
		BF16BD202029163E0032F2C7 /* Release */ = {
			isa = XCBuildConfiguration;
			buildSettings = {
				ASSETCATALOG_COMPILER_APPICON_NAME = AppIcon;
				CODE_SIGN_STYLE = Automatic;
				INFOPLIST_FILE = MyPrjTableViev/Info.plist;
				LD_RUNPATH_SEARCH_PATHS = "$(inherited) @executable_path/Frameworks";
				PRODUCT_BUNDLE_IDENTIFIER = rvd.MyPrjTableViev;
				PRODUCT_NAME = "$(TARGET_NAME)";
				SWIFT_VERSION = 4.0;
				TARGETED_DEVICE_FAMILY = "1,2";
			};
			name = Release;
		};
/* End XCBuildConfiguration section */

/* Begin XCConfigurationList section */
		BF16BD072029163E0032F2C7 /* Build configuration list for PBXProject "MyPrjTableViev" */ = {
			isa = XCConfigurationList;
			buildConfigurations = (
				BF16BD1C2029163E0032F2C7 /* Debug */,
				BF16BD1D2029163E0032F2C7 /* Release */,
			);
			defaultConfigurationIsVisible = 0;
			defaultConfigurationName = Release;
		};
		BF16BD1E2029163E0032F2C7 /* Build configuration list for PBXNativeTarget "MyPrjTableViev" */ = {
			isa = XCConfigurationList;
			buildConfigurations = (
				BF16BD1F2029163E0032F2C7 /* Debug */,
				BF16BD202029163E0032F2C7 /* Release */,
			);
			defaultConfigurationIsVisible = 0;
			defaultConfigurationName = Release;
		};
/* End XCConfigurationList section */
	};
	rootObject = BF16BD042029163E0032F2C7 /* Project object */;
}
